
Microsoft Visual Studio Solution File, Format Version 12.00
# Visual Studio Version 16
VisualStudioVersion = 16.0.30413.136
MinimumVisualStudioVersion = 10.0.40219.1
Project("{8BC9CEB8-8B4A-11D0-8D11-00A0C91BC942}") = "DS3-DebugMenuEx", "DS3-DebugMenuEx\DS3-DebugMenuEx.vcxproj", "{361D355E-10C2-4425-A20E-F05DDC00FB54}"
EndProject
Global
	GlobalSection(SolutionConfigurationPlatforms) = preSolution
		Debug|x64 = Debug|x64
		Debug|x86 = Debug|x86
		Release|x64 = Release|x64
		Release|x86 = Release|x86
	EndGlobalSection
	GlobalSection(ProjectConfigurationPlatforms) = postSolution
		{361D355E-10C2-4425-A20E-F05DDC00FB54}.Debug|x64.ActiveCfg = Debug|x64
		{361D355E-10C2-4425-A20E-F05DDC00FB54}.Debug|x64.Build.0 = Debug|x64
		{361D355E-10C2-4425-A20E-F05DDC00FB54}.Debug|x86.ActiveCfg = Debug|Win32
		{361D355E-10C2-4425-A20E-F05DDC00FB54}.Debug|x86.Build.0 = Debug|Win32
		{361D355E-10C2-4425-A20E-F05DDC00FB54}.Release|x64.ActiveCfg = Release|x64
		{361D355E-10C2-4425-A20E-F05DDC00FB54}.Release|x64.Build.0 = Release|x64
		{361D355E-10C2-4425-A20E-F05DDC00FB54}.Release|x86.ActiveCfg = Release|Win32
		{361D355E-10C2-4425-A20E-F05DDC00FB54}.Release|x86.Build.0 = Release|Win32
	EndGlobalSection
	GlobalSection(SolutionProperties) = preSolution
		HideSolutionNode = FALSE
	EndGlobalSection
	GlobalSection(ExtensibilityGlobals) = postSolution
		SolutionGuid = {C3B5F5F8-4886-4B8B-AD65-ADE86D945DB3}
	EndGlobalSection
EndGlobal
